{
  "originHash" : "12bf9c401f5be0aafc6e1cd6ff79bb3032868a97c5385591c8fd27b6ef35d49c",
  "pins" : [
    {
      "identity" : "anywhererules",
      "kind" : "remoteSourceControl",
      "location" : "https://github.com/hiDandelion/AnywhereRules.git",
      "state" : {
        "revision" : "dd41220721f6d92f347e95d9ede4d52f1eff70d6",
        "version" : "1.0.1"
      }
    }
  ],
  "version" : 3
}
