{
  "originHash" : "12bf9c401f5be0aafc6e1cd6ff79bb3032868a97c5385591c8fd27b6ef35d49c",
  "pins" : [
    {
      "identity" : "anywhererules",
      "kind" : "remoteSourceControl",
      "location" : "https://github.com/hiDandelion/AnywhereRules.git",
      "state" : {
        "revision" : "4f1b27c1954818cc866985a0f4d4685931a00c89",
        "version" : "1.1.0"
      }
    }
  ],
  "version" : 3
}
